
Microsoft Visual Studio Solution File, Format Version 12.00
# Visual Studio Version 17
VisualStudioVersion = 17.0.31903.59
MinimumVisualStudioVersion = 10.0.40219.1
Project("{F2A71F9B-5D33-465A-A702-920D77279786}") = "Challenges", "Challenges\Challenges.fsproj", "{4A3DA5B0-C676-430D-8925-003038816CCE}"
EndProject
Project("{F2A71F9B-5D33-465A-A702-920D77279786}") = "Challenges.Test", "Challenges.Test\Challenges.Test.fsproj", "{61F84EB1-7D71-475A-97AF-2EC4E5620E06}"
EndProject
Global
	GlobalSection(SolutionConfigurationPlatforms) = preSolution
		Debug|Any CPU = Debug|Any CPU
		Release|Any CPU = Release|Any CPU
	EndGlobalSection
	GlobalSection(SolutionProperties) = preSolution
		HideSolutionNode = FALSE
	EndGlobalSection
	GlobalSection(ProjectConfigurationPlatforms) = postSolution
		{4A3DA5B0-C676-430D-8925-003038816CCE}.Debug|Any CPU.ActiveCfg = Debug|Any CPU
		{4A3DA5B0-C676-430D-8925-003038816CCE}.Debug|Any CPU.Build.0 = Debug|Any CPU
		{4A3DA5B0-C676-430D-8925-003038816CCE}.Release|Any CPU.ActiveCfg = Release|Any CPU
		{4A3DA5B0-C676-430D-8925-003038816CCE}.Release|Any CPU.Build.0 = Release|Any CPU
		{61F84EB1-7D71-475A-97AF-2EC4E5620E06}.Debug|Any CPU.ActiveCfg = Debug|Any CPU
		{61F84EB1-7D71-475A-97AF-2EC4E5620E06}.Debug|Any CPU.Build.0 = Debug|Any CPU
		{61F84EB1-7D71-475A-97AF-2EC4E5620E06}.Release|Any CPU.ActiveCfg = Release|Any CPU
		{61F84EB1-7D71-475A-97AF-2EC4E5620E06}.Release|Any CPU.Build.0 = Release|Any CPU
	EndGlobalSection
EndGlobal
